
Microsoft Visual Studio Solution File, Format Version 12.00
# Visual Studio 15
VisualStudioVersion = 15.0.28010.2003
MinimumVisualStudioVersion = 10.0.40219.1
Project("{8BC9CEB8-8B4A-11D0-8D11-00A0C91BC942}") = "2020.02.07_C++", "2020.02.07_C++\2020.02.07_C++.vcxproj", "{B67F44DF-6E83-4B36-A845-74BBDCB41914}"
EndProject
Global
	GlobalSection(SolutionConfigurationPlatforms) = preSolution
		Debug|x64 = Debug|x64
		Debug|x86 = Debug|x86
		Release|x64 = Release|x64
		Release|x86 = Release|x86
	EndGlobalSection
	GlobalSection(ProjectConfigurationPlatforms) = postSolution
		{B67F44DF-6E83-4B36-A845-74BBDCB41914}.Debug|x64.ActiveCfg = Debug|x64
		{B67F44DF-6E83-4B36-A845-74BBDCB41914}.Debug|x64.Build.0 = Debug|x64
		{B67F44DF-6E83-4B36-A845-74BBDCB41914}.Debug|x86.ActiveCfg = Debug|Win32
		{B67F44DF-6E83-4B36-A845-74BBDCB41914}.Debug|x86.Build.0 = Debug|Win32
		{B67F44DF-6E83-4B36-A845-74BBDCB41914}.Release|x64.ActiveCfg = Release|x64
		{B67F44DF-6E83-4B36-A845-74BBDCB41914}.Release|x64.Build.0 = Release|x64
		{B67F44DF-6E83-4B36-A845-74BBDCB41914}.Release|x86.ActiveCfg = Release|Win32
		{B67F44DF-6E83-4B36-A845-74BBDCB41914}.Release|x86.Build.0 = Release|Win32
	EndGlobalSection
	GlobalSection(SolutionProperties) = preSolution
		HideSolutionNode = FALSE
	EndGlobalSection
	GlobalSection(ExtensibilityGlobals) = postSolution
		SolutionGuid = {A9665430-A24B-45DC-84F1-4CAC9D8F7994}
	EndGlobalSection
EndGlobal
